
Microsoft Visual Studio Solution File, Format Version 12.00
# Visual Studio Version 17
VisualStudioVersion = 17.9.34701.34
MinimumVisualStudioVersion = 10.0.40219.1
Project("{2150E333-8FDC-42A3-9474-1A3956D46DE8}") = "Solution Items", "Solution Items", "{9F4B82BC-8AE1-43DE-88DD-A49BBB65CC16}"
	ProjectSection(SolutionItems) = preProject
		README.md = README.md
	EndProjectSection
EndProject
Project("{FAE04EC0-301F-11D3-BF4B-00C04F79EFBC}") = "RomVaultX", "RomVaultX\RomVaultX.csproj", "{67BC7BA5-F177-40EE-AA43-09A5768137B0}"
EndProject
Global
	GlobalSection(SolutionConfigurationPlatforms) = preSolution
		Debug|Any CPU = Debug|Any CPU
		Debug|x64 = Debug|x64
		Debug|x86 = Debug|x86
		Release|Any CPU = Release|Any CPU
		Release|x64 = Release|x64
		Release|x86 = Release|x86
	EndGlobalSection
	GlobalSection(ProjectConfigurationPlatforms) = postSolution
		{67BC7BA5-F177-40EE-AA43-09A5768137B0}.Debug|Any CPU.ActiveCfg = Debug|Any CPU
		{67BC7BA5-F177-40EE-AA43-09A5768137B0}.Debug|Any CPU.Build.0 = Debug|Any CPU
		{67BC7BA5-F177-40EE-AA43-09A5768137B0}.Debug|x64.ActiveCfg = Debug|Any CPU
		{67BC7BA5-F177-40EE-AA43-09A5768137B0}.Debug|x64.Build.0 = Debug|Any CPU
		{67BC7BA5-F177-40EE-AA43-09A5768137B0}.Debug|x86.ActiveCfg = Debug|Any CPU
		{67BC7BA5-F177-40EE-AA43-09A5768137B0}.Debug|x86.Build.0 = Debug|Any CPU
		{67BC7BA5-F177-40EE-AA43-09A5768137B0}.Release|Any CPU.ActiveCfg = Release|Any CPU
		{67BC7BA5-F177-40EE-AA43-09A5768137B0}.Release|Any CPU.Build.0 = Release|Any CPU
		{67BC7BA5-F177-40EE-AA43-09A5768137B0}.Release|x64.ActiveCfg = Release|Any CPU
		{67BC7BA5-F177-40EE-AA43-09A5768137B0}.Release|x64.Build.0 = Release|Any CPU
		{67BC7BA5-F177-40EE-AA43-09A5768137B0}.Release|x86.ActiveCfg = Release|Any CPU
		{67BC7BA5-F177-40EE-AA43-09A5768137B0}.Release|x86.Build.0 = Release|Any CPU
	EndGlobalSection
	GlobalSection(SolutionProperties) = preSolution
		HideSolutionNode = FALSE
	EndGlobalSection
	GlobalSection(ExtensibilityGlobals) = postSolution
		SolutionGuid = {426F6A22-13B5-428E-B811-E7391273C2C4}
	EndGlobalSection
EndGlobal
